Microsoft Visual Studio Solution File, Format Version 11.00
# Visual Studio 2008

Project("{820A4712-50F9-262A-44F2-8ABC5A7CAFD1}") = "ShinyNChromeUnity", "Assembly-CSharp-firstpass.csproj", "{52074110-B58B-9FC4-FEA1-477E2AC5C13C}"
EndProject
Project("{820A4712-50F9-262A-44F2-8ABC5A7CAFD1}") = "ShinyNChromeUnity", "Assembly-CSharp.csproj", "{F53E59E5-AE5C-9862-F6EB-40A59740639C}"
EndProject
Global
	GlobalSection(SolutionConfigurationPlatforms) = preSolution
		Debug|Any CPU = Debug|Any CPU
		Release|Any CPU = Release|Any CPU
	EndGlobalSection
	GlobalSection(ProjectConfigurationPlatforms) = postSolution
		{52074110-B58B-9FC4-FEA1-477E2AC5C13C}.Debug|Any CPU.ActiveCfg = Debug|Any CPU
		{52074110-B58B-9FC4-FEA1-477E2AC5C13C}.Debug|Any CPU.Build.0 = Debug|Any CPU
		{52074110-B58B-9FC4-FEA1-477E2AC5C13C}.Release|Any CPU.ActiveCfg = Release|Any CPU
		{52074110-B58B-9FC4-FEA1-477E2AC5C13C}.Release|Any CPU.Build.0 = Release|Any CPU
		{F53E59E5-AE5C-9862-F6EB-40A59740639C}.Debug|Any CPU.ActiveCfg = Debug|Any CPU
		{F53E59E5-AE5C-9862-F6EB-40A59740639C}.Debug|Any CPU.Build.0 = Debug|Any CPU
		{F53E59E5-AE5C-9862-F6EB-40A59740639C}.Release|Any CPU.ActiveCfg = Release|Any CPU
		{F53E59E5-AE5C-9862-F6EB-40A59740639C}.Release|Any CPU.Build.0 = Release|Any CPU
	EndGlobalSection
	GlobalSection(SolutionProperties) = preSolution
		HideSolutionNode = FALSE
	EndGlobalSection
	GlobalSection(MonoDevelopProperties) = preSolution
		StartupItem = Assembly-CSharp.csproj
	EndGlobalSection
EndGlobal
