
Microsoft Visual Studio Solution File, Format Version 12.00
# Visual Studio 2015
Project("{FAE04EC0-301F-11D3-BF4B-00C04F79EFBC}") = "ShinyNChromeUnity-master.CSharp.Plugins", "ShinyNChromeUnity-master.CSharp.Plugins.csproj", "{F84F4DDC-267F-5DAA-CCDB-842CFDEC474D}"
EndProject
Project("{FAE04EC0-301F-11D3-BF4B-00C04F79EFBC}") = "ShinyNChromeUnity-master.CSharp", "ShinyNChromeUnity-master.CSharp.csproj", "{B88F1D7E-FE9F-60A9-22CD-2E2D1734A9DC}"
EndProject
Global
	GlobalSection(SolutionConfigurationPlatforms) = preSolution
		Debug|Any CPU = Debug|Any CPU
		Release|Any CPU = Release|Any CPU
	EndGlobalSection
	GlobalSection(ProjectConfigurationPlatforms) = postSolution
		{F84F4DDC-267F-5DAA-CCDB-842CFDEC474D}.Debug|Any CPU.ActiveCfg = Debug|Any CPU
		{F84F4DDC-267F-5DAA-CCDB-842CFDEC474D}.Debug|Any CPU.Build.0 = Debug|Any CPU
		{F84F4DDC-267F-5DAA-CCDB-842CFDEC474D}.Release|Any CPU.ActiveCfg = Release|Any CPU
		{F84F4DDC-267F-5DAA-CCDB-842CFDEC474D}.Release|Any CPU.Build.0 = Release|Any CPU
		{B88F1D7E-FE9F-60A9-22CD-2E2D1734A9DC}.Debug|Any CPU.ActiveCfg = Debug|Any CPU
		{B88F1D7E-FE9F-60A9-22CD-2E2D1734A9DC}.Debug|Any CPU.Build.0 = Debug|Any CPU
		{B88F1D7E-FE9F-60A9-22CD-2E2D1734A9DC}.Release|Any CPU.ActiveCfg = Release|Any CPU
		{B88F1D7E-FE9F-60A9-22CD-2E2D1734A9DC}.Release|Any CPU.Build.0 = Release|Any CPU
	EndGlobalSection
	GlobalSection(SolutionProperties) = preSolution
		HideSolutionNode = FALSE
	EndGlobalSection
EndGlobal
